
Microsoft Visual Studio Solution File, Format Version 12.00
# Visual Studio Version 16
VisualStudioVersion = 16.0.29306.81
MinimumVisualStudioVersion = 10.0.40219.1
Project("{FAE04EC0-301F-11D3-BF4B-00C04F79EFBC}") = "UMJA", "UMJA\UMJA.csproj", "{DA750A2C-EBDD-4A36-B2E3-898C586FB5F1}"
EndProject
Global
	GlobalSection(SolutionConfigurationPlatforms) = preSolution
		Debug|Any CPU = Debug|Any CPU
		Release|Any CPU = Release|Any CPU
	EndGlobalSection
	GlobalSection(ProjectConfigurationPlatforms) = postSolution
		{DA750A2C-EBDD-4A36-B2E3-898C586FB5F1}.Debug|Any CPU.ActiveCfg = Debug|Any CPU
		{DA750A2C-EBDD-4A36-B2E3-898C586FB5F1}.Debug|Any CPU.Build.0 = Debug|Any CPU
		{DA750A2C-EBDD-4A36-B2E3-898C586FB5F1}.Release|Any CPU.ActiveCfg = Release|Any CPU
		{DA750A2C-EBDD-4A36-B2E3-898C586FB5F1}.Release|Any CPU.Build.0 = Release|Any CPU
	EndGlobalSection
	GlobalSection(SolutionProperties) = preSolution
		HideSolutionNode = FALSE
	EndGlobalSection
	GlobalSection(ExtensibilityGlobals) = postSolution
		SolutionGuid = {906D896D-EE7A-47FA-9164-0C4429D5AB65}
	EndGlobalSection
EndGlobal
